{
  "name": "module-11",
  "version": "1.0.0",
  "lockfileVersion": 3,
  "requires": true,
  "packages": {
    "": {
      "name": "module-11",
      "version": "1.0.0",
      "license": "ISC",
      "devDependencies": {
        "typescript": "^6.0.0-dev.20251124"
      }
    },
    "node_modules/typescript": {
      "version": "6.0.0-dev.20251124",
      "resolved": "https://registry.npmjs.org/typescript/-/typescript-6.0.0-dev.20251124.tgz",
      "integrity": "sha512-3dp4cPGjA35NMKhzreQI41rYQTiLFWUjIoWCBAp/r27Ccf6HLZwniD0f3KSgruR6hhzb+2m5yrEn0RP7IaK1Bg==",
      "dev": true,
      "license": "Apache-2.0",
      "bin": {
        "tsc": "bin/tsc",
        "tsserver": "bin/tsserver"
      },
      "engines": {
        "node": ">=14.17"
      }
    }
  }
}
